
Microsoft Visual Studio Solution File, Format Version 12.00
# Visual Studio Version 16
VisualStudioVersion = 16.0.29215.179
MinimumVisualStudioVersion = 10.0.40219.1
Project("{9A19103F-16F7-4668-BE54-9A1E7A4F7556}") = "Ecommerce.Models", "EcommerceApp.Models\Ecommerce.Models.csproj", "{D92607BA-D96B-4376-8BA6-D987A0BFC873}"
EndProject
Project("{9A19103F-16F7-4668-BE54-9A1E7A4F7556}") = "Ecommerce.Repositories", "Ecommerce.Repositories\Ecommerce.Repositories.csproj", "{E0293663-B284-45D6-A0B1-7C7809F2F093}"
EndProject
Project("{9A19103F-16F7-4668-BE54-9A1E7A4F7556}") = "Ecommerce.DatabaseContext", "Ecommerce.DatabaseContext\Ecommerce.DatabaseContext.csproj", "{7D47E8D0-4564-4183-9833-BFC2ECE71118}"
EndProject
Project("{9A19103F-16F7-4668-BE54-9A1E7A4F7556}") = "Ecommerce.WebApp", "Ecommerce.WebApp\Ecommerce.WebApp.csproj", "{21F7A12F-D764-4B27-A343-389EE4AEAAD8}"
EndProject
Project("{FAE04EC0-301F-11D3-BF4B-00C04F79EFBC}") = "Ecommerce.BLL", "Ecommerce.BLL\Ecommerce.BLL.csproj", "{8653C3FE-8DC1-4DF3-993C-814B41985A90}"
EndProject
Project("{FAE04EC0-301F-11D3-BF4B-00C04F79EFBC}") = "Ecommerce.Abstraction", "Ecommerce.Abstraction\Ecommerce.Abstraction.csproj", "{E97D195B-7326-4EE1-AA36-7CCA64EAB273}"
EndProject
Project("{FAE04EC0-301F-11D3-BF4B-00C04F79EFBC}") = "Ecommerce.Configurations", "Ecommerce.Configurations\Ecommerce.Configurations.csproj", "{F4D41070-172F-4E00-82D0-5418E67E52E5}"
EndProject
Global
	GlobalSection(SolutionConfigurationPlatforms) = preSolution
		Debug|Any CPU = Debug|Any CPU
		Release|Any CPU = Release|Any CPU
	EndGlobalSection
	GlobalSection(ProjectConfigurationPlatforms) = postSolution
		{D92607BA-D96B-4376-8BA6-D987A0BFC873}.Debug|Any CPU.ActiveCfg = Debug|Any CPU
		{D92607BA-D96B-4376-8BA6-D987A0BFC873}.Debug|Any CPU.Build.0 = Debug|Any CPU
		{D92607BA-D96B-4376-8BA6-D987A0BFC873}.Release|Any CPU.ActiveCfg = Release|Any CPU
		{D92607BA-D96B-4376-8BA6-D987A0BFC873}.Release|Any CPU.Build.0 = Release|Any CPU
		{E0293663-B284-45D6-A0B1-7C7809F2F093}.Debug|Any CPU.ActiveCfg = Debug|Any CPU
		{E0293663-B284-45D6-A0B1-7C7809F2F093}.Debug|Any CPU.Build.0 = Debug|Any CPU
		{E0293663-B284-45D6-A0B1-7C7809F2F093}.Release|Any CPU.ActiveCfg = Release|Any CPU
		{E0293663-B284-45D6-A0B1-7C7809F2F093}.Release|Any CPU.Build.0 = Release|Any CPU
		{7D47E8D0-4564-4183-9833-BFC2ECE71118}.Debug|Any CPU.ActiveCfg = Debug|Any CPU
		{7D47E8D0-4564-4183-9833-BFC2ECE71118}.Debug|Any CPU.Build.0 = Debug|Any CPU
		{7D47E8D0-4564-4183-9833-BFC2ECE71118}.Release|Any CPU.ActiveCfg = Release|Any CPU
		{7D47E8D0-4564-4183-9833-BFC2ECE71118}.Release|Any CPU.Build.0 = Release|Any CPU
		{21F7A12F-D764-4B27-A343-389EE4AEAAD8}.Debug|Any CPU.ActiveCfg = Debug|Any CPU
		{21F7A12F-D764-4B27-A343-389EE4AEAAD8}.Debug|Any CPU.Build.0 = Debug|Any CPU
		{21F7A12F-D764-4B27-A343-389EE4AEAAD8}.Release|Any CPU.ActiveCfg = Release|Any CPU
		{21F7A12F-D764-4B27-A343-389EE4AEAAD8}.Release|Any CPU.Build.0 = Release|Any CPU
		{8653C3FE-8DC1-4DF3-993C-814B41985A90}.Debug|Any CPU.ActiveCfg = Debug|Any CPU
		{8653C3FE-8DC1-4DF3-993C-814B41985A90}.Debug|Any CPU.Build.0 = Debug|Any CPU
		{8653C3FE-8DC1-4DF3-993C-814B41985A90}.Release|Any CPU.ActiveCfg = Release|Any CPU
		{8653C3FE-8DC1-4DF3-993C-814B41985A90}.Release|Any CPU.Build.0 = Release|Any CPU
		{E97D195B-7326-4EE1-AA36-7CCA64EAB273}.Debug|Any CPU.ActiveCfg = Debug|Any CPU
		{E97D195B-7326-4EE1-AA36-7CCA64EAB273}.Debug|Any CPU.Build.0 = Debug|Any CPU
		{E97D195B-7326-4EE1-AA36-7CCA64EAB273}.Release|Any CPU.ActiveCfg = Release|Any CPU
		{E97D195B-7326-4EE1-AA36-7CCA64EAB273}.Release|Any CPU.Build.0 = Release|Any CPU
		{F4D41070-172F-4E00-82D0-5418E67E52E5}.Debug|Any CPU.ActiveCfg = Debug|Any CPU
		{F4D41070-172F-4E00-82D0-5418E67E52E5}.Debug|Any CPU.Build.0 = Debug|Any CPU
		{F4D41070-172F-4E00-82D0-5418E67E52E5}.Release|Any CPU.ActiveCfg = Release|Any CPU
		{F4D41070-172F-4E00-82D0-5418E67E52E5}.Release|Any CPU.Build.0 = Release|Any CPU
	EndGlobalSection
	GlobalSection(SolutionProperties) = preSolution
		HideSolutionNode = FALSE
	EndGlobalSection
	GlobalSection(ExtensibilityGlobals) = postSolution
		SolutionGuid = {8CC1EB0D-490E-4686-9DA9-C5FB7D57D9EC}
	EndGlobalSection
EndGlobal
